<?xml version="1.0" encoding="utf-8"?>
<Project ToolsVersion="17.0" xmlns="http://schemas.microsoft.com/developer/msbuild/2003">
  <ItemGroup>
    <ClCompile Include="D:\Code\C++\SRT-Weak-Network-Video\src\common\latency_stats.cpp">
      <Filter>Source Files</Filter>
    </ClCompile>
    <ClCompile Include="D:\Code\C++\SRT-Weak-Network-Video\tests\latency_stats_tests.cpp">
      <Filter>Source Files</Filter>
    </ClCompile>
  </ItemGroup>
  <ItemGroup>
    <CustomBuild Include="D:\Code\C++\SRT-Weak-Network-Video\CMakeLists.txt" />
  </ItemGroup>
  <ItemGroup>
    <Filter Include="Source Files">
      <UniqueIdentifier>{F0745632-7375-3531-99D6-C617363E24DD}</UniqueIdentifier>
    </Filter>
  </ItemGroup>
</Project>
